dependencies:
- name: db-chart
  repository: file://../dbTier/db-chart
  version: "0.1"
- name: app-chart
  repository: file://../appTier/app-chart
  version: "0.1"
- name: frontend-chart
  repository: file://../frontend/frontend-chart
  version: 0.1.0
digest: sha256:c92d43a0b693d7a5cc19b81b04c7aa15f85e82fa1f815ca88724685e93d887c4
generated: "2024-01-28T18:31:48.394962033Z"
